<?xml version="1.0" encoding="utf-8"?>
<Project ToolsVersion="4.0" xmlns="http://schemas.microsoft.com/developer/msbuild/2003">
  <ItemGroup>
    <Filter Include="リソース ファイル">
      <UniqueIdentifier>{67DA6AB6-F800-4c08-8B7A-83BB121AAD01}</UniqueIdentifier>
      <Extensions>rc;ico;cur;bmp;dlg;rc2;rct;bin;rgs;gif;jpg;jpeg;jpe;resx;tiff;tif;png;wav;mfcribbon-ms</Extensions>
    </Filter>
    <Filter Include="01Engine">
      <UniqueIdentifier>{e5fccdcb-f299-4448-bdb6-01fa28039576}</UniqueIdentifier>
    </Filter>
    <Filter Include="01Engine\Collider">
      <UniqueIdentifier>{7f19ecfb-5d70-4d31-a1f7-c9dd14bad324}</UniqueIdentifier>
    </Filter>
    <Filter Include="01Engine\DirectX">
      <UniqueIdentifier>{e56f8c9a-95a5-4ceb-b65f-5b8e572d087b}</UniqueIdentifier>
    </Filter>
    <Filter Include="01Engine\GameObject">
      <UniqueIdentifier>{b450e438-c939-4b05-b319-0e3c0b4a335c}</UniqueIdentifier>
    </Filter>
    <Filter Include="01Engine\ResourceManager">
      <UniqueIdentifier>{bedee914-5063-4c08-95bb-79c861b4969c}</UniqueIdentifier>
    </Filter>
    <Filter Include="02Shader">
      <UniqueIdentifier>{47a6a3f5-8cfd-436b-8d58-beccd108f3f3}</UniqueIdentifier>
      <Extensions>hlsl</Extensions>
    </Filter>
    <Filter Include="Scenes">
      <UniqueIdentifier>{35b83cb0-ccd7-410f-85bc-dd559ad92cc2}</UniqueIdentifier>
    </Filter>
    <Filter Include="Objects">
      <UniqueIdentifier>{a5985283-1cec-4896-8841-c4a4b29d0aff}</UniqueIdentifier>
    </Filter>
    <Filter Include="UI">
      <UniqueIdentifier>{eae727ae-e67f-4c7c-8430-e22183ca1974}</UniqueIdentifier>
    </Filter>
    <Filter Include="Functions">
      <UniqueIdentifier>{cebaa02e-4022-4935-ae0f-e2dd1950d164}</UniqueIdentifier>
    </Filter>
  </ItemGroup>
  <ItemGroup>
    <ClCompile Include="Engine\BoxCollider.cpp">
      <Filter>01Engine\Collider</Filter>
    </ClCompile>
    <ClCompile Include="Engine\Collider.cpp">
      <Filter>01Engine\Collider</Filter>
    </ClCompile>
    <ClCompile Include="Engine\SphereCollider.cpp">
      <Filter>01Engine\Collider</Filter>
    </ClCompile>
    <ClCompile Include="Engine\Direct3D.cpp">
      <Filter>01Engine\DirectX</Filter>
    </ClCompile>
    <ClCompile Include="Engine\Fbx.cpp">
      <Filter>01Engine\DirectX</Filter>
    </ClCompile>
    <ClCompile Include="Engine\FbxParts.cpp">
      <Filter>01Engine\DirectX</Filter>
    </ClCompile>
    <ClCompile Include="Engine\Input.cpp">
      <Filter>01Engine\DirectX</Filter>
    </ClCompile>
    <ClCompile Include="Engine\Sprite.cpp">
      <Filter>01Engine\DirectX</Filter>
    </ClCompile>
    <ClCompile Include="Engine\Camera.cpp">
      <Filter>01Engine\GameObject</Filter>
    </ClCompile>
    <ClCompile Include="Engine\GameObject.cpp">
      <Filter>01Engine\GameObject</Filter>
    </ClCompile>
    <ClCompile Include="Engine\RootObject.cpp">
      <Filter>01Engine\GameObject</Filter>
    </ClCompile>
    <ClCompile Include="Engine\CsvReader.cpp">
      <Filter>01Engine\ResourceManager</Filter>
    </ClCompile>
    <ClCompile Include="Engine\Image.cpp">
      <Filter>01Engine\ResourceManager</Filter>
    </ClCompile>
    <ClCompile Include="Engine\Model.cpp">
      <Filter>01Engine\ResourceManager</Filter>
    </ClCompile>
    <ClCompile Include="Engine\Main.cpp">
      <Filter>01Engine</Filter>
    </ClCompile>
    <ClCompile Include="Engine\SceneManager.cpp">
      <Filter>01Engine</Filter>
    </ClCompile>
    <ClCompile Include="Engine\Texture.cpp">
      <Filter>01Engine\DirectX</Filter>
    </ClCompile>
    <ClCompile Include="Engine\Transform.cpp">
      <Filter>01Engine\GameObject</Filter>
    </ClCompile>
    <ClCompile Include="Engine\Audio.cpp">
      <Filter>01Engine\ResourceManager</Filter>
    </ClCompile>
    <ClCompile Include="Engine\Text.cpp">
      <Filter>01Engine\ResourceManager</Filter>
    </ClCompile>
    <ClCompile Include="Engine\Debug.cpp">
      <Filter>01Engine\ResourceManager</Filter>
    </ClCompile>
    <ClCompile Include="Engine\BillBoard.cpp">
      <Filter>01Engine\DirectX</Filter>
    </ClCompile>
    <ClCompile Include="Engine\VFX.cpp">
      <Filter>01Engine\ResourceManager</Filter>
    </ClCompile>
    <ClCompile Include="Engine\CapsuleCollider.cpp">
      <Filter>01Engine\Collider</Filter>
    </ClCompile>
    <ClCompile Include="UI\Arrow.cpp">
      <Filter>UI</Filter>
    </ClCompile>
    <ClCompile Include="UI\Compass.cpp">
      <Filter>UI</Filter>
    </ClCompile>
    <ClCompile Include="UI\HeightMeter.cpp">
      <Filter>UI</Filter>
    </ClCompile>
    <ClCompile Include="UI\LineGauge.cpp">
      <Filter>UI</Filter>
    </ClCompile>
    <ClCompile Include="UI\PlayUI.cpp">
      <Filter>UI</Filter>
    </ClCompile>
    <ClCompile Include="UI\ThemeDisplay.cpp">
      <Filter>UI</Filter>
    </ClCompile>
    <ClCompile Include="Objects\Ball.cpp">
      <Filter>Objects</Filter>
    </ClCompile>
    <ClCompile Include="Objects\Line.cpp">
      <Filter>Objects</Filter>
    </ClCompile>
    <ClCompile Include="Objects\Player.cpp">
      <Filter>Objects</Filter>
    </ClCompile>
    <ClCompile Include="Objects\Stage.cpp">
      <Filter>Objects</Filter>
    </ClCompile>
    <ClCompile Include="Scenes\ClearScene.cpp">
      <Filter>Scenes</Filter>
    </ClCompile>
    <ClCompile Include="Scenes\GameOverScene.cpp">
      <Filter>Scenes</Filter>
    </ClCompile>
    <ClCompile Include="Scenes\PlayScene.cpp">
      <Filter>Scenes</Filter>
    </ClCompile>
    <ClCompile Include="Scenes\TitleScene.cpp">
      <Filter>Scenes</Filter>
    </ClCompile>
    <ClCompile Include="UI\CountdownNumber.cpp">
      <Filter>UI</Filter>
    </ClCompile>
    <ClCompile Include="UI\MiniMap.cpp">
      <Filter>UI</Filter>
    </ClCompile>
    <ClCompile Include="UI\StartCountdownManager.cpp">
      <Filter>UI</Filter>
    </ClCompile>
    <ClCompile Include="UI\StartDisplay.cpp">
      <Filter>UI</Filter>
    </ClCompile>
    <ClCompile Include="Functions\CameraOrbit.cpp">
      <Filter>Functions</Filter>
    </ClCompile>
    <ClCompile Include="Functions\CDTimer.cpp">
      <Filter>Functions</Filter>
    </ClCompile>
    <ClCompile Include="Functions\CountdownBase.cpp">
      <Filter>Functions</Filter>
    </ClCompile>
    <ClCompile Include="Functions\Effect.cpp">
      <Filter>Functions</Filter>
    </ClCompile>
    <ClCompile Include="Objects\Wall.cpp">
      <Filter>Objects</Filter>
    </ClCompile>
    <ClCompile Include="Scenes\ExplanationScene.cpp">
      <Filter>Scenes</Filter>
    </ClCompile>
  </ItemGroup>
  <ItemGroup>
    <ClInclude Include="Engine\BoxCollider.h">
      <Filter>01Engine\Collider</Filter>
    </ClInclude>
    <ClInclude Include="Engine\Collider.h">
      <Filter>01Engine\Collider</Filter>
    </ClInclude>
    <ClInclude Include="Engine\SphereCollider.h">
      <Filter>01Engine\Collider</Filter>
    </ClInclude>
    <ClInclude Include="Engine\Direct3D.h">
      <Filter>01Engine\DirectX</Filter>
    </ClInclude>
    <ClInclude Include="Engine\Fbx.h">
      <Filter>01Engine\DirectX</Filter>
    </ClInclude>
    <ClInclude Include="Engine\FbxParts.h">
      <Filter>01Engine\DirectX</Filter>
    </ClInclude>
    <ClInclude Include="Engine\Input.h">
      <Filter>01Engine\DirectX</Filter>
    </ClInclude>
    <ClInclude Include="Engine\Sprite.h">
      <Filter>01Engine\DirectX</Filter>
    </ClInclude>
    <ClInclude Include="Engine\Camera.h">
      <Filter>01Engine\GameObject</Filter>
    </ClInclude>
    <ClInclude Include="Engine\GameObject.h">
      <Filter>01Engine\GameObject</Filter>
    </ClInclude>
    <ClInclude Include="Engine\RootObject.h">
      <Filter>01Engine\GameObject</Filter>
    </ClInclude>
    <ClInclude Include="Engine\CsvReader.h">
      <Filter>01Engine\ResourceManager</Filter>
    </ClInclude>
    <ClInclude Include="Engine\Image.h">
      <Filter>01Engine\ResourceManager</Filter>
    </ClInclude>
    <ClInclude Include="Engine\Model.h">
      <Filter>01Engine\ResourceManager</Filter>
    </ClInclude>
    <ClInclude Include="Engine\Global.h">
      <Filter>01Engine</Filter>
    </ClInclude>
    <ClInclude Include="Engine\SceneManager.h">
      <Filter>01Engine</Filter>
    </ClInclude>
    <ClInclude Include="Engine\Texture.h">
      <Filter>01Engine\DirectX</Filter>
    </ClInclude>
    <ClInclude Include="Engine\Transform.h">
      <Filter>01Engine\GameObject</Filter>
    </ClInclude>
    <ClInclude Include="Engine\Audio.h">
      <Filter>01Engine\ResourceManager</Filter>
    </ClInclude>
    <ClInclude Include="Engine\Text.h">
      <Filter>01Engine\ResourceManager</Filter>
    </ClInclude>
    <ClInclude Include="Engine\Debug.h">
      <Filter>01Engine\ResourceManager</Filter>
    </ClInclude>
    <ClInclude Include="Engine\BillBoard.h">
      <Filter>01Engine\DirectX</Filter>
    </ClInclude>
    <ClInclude Include="Engine\VFX.h">
      <Filter>01Engine\ResourceManager</Filter>
    </ClInclude>
    <ClInclude Include="Engine\CapsuleCollider.h">
      <Filter>01Engine\Collider</Filter>
    </ClInclude>
    <ClInclude Include="UI\Arrow.h">
      <Filter>UI</Filter>
    </ClInclude>
    <ClInclude Include="UI\Compass.h">
      <Filter>UI</Filter>
    </ClInclude>
    <ClInclude Include="UI\HeightMeter.h">
      <Filter>UI</Filter>
    </ClInclude>
    <ClInclude Include="UI\LineGauge.h">
      <Filter>UI</Filter>
    </ClInclude>
    <ClInclude Include="UI\PlayUI.h">
      <Filter>UI</Filter>
    </ClInclude>
    <ClInclude Include="UI\ThemeDisplay.h">
      <Filter>UI</Filter>
    </ClInclude>
    <ClInclude Include="Objects\Ball.h">
      <Filter>Objects</Filter>
    </ClInclude>
    <ClInclude Include="Objects\Line.h">
      <Filter>Objects</Filter>
    </ClInclude>
    <ClInclude Include="Objects\Player.h">
      <Filter>Objects</Filter>
    </ClInclude>
    <ClInclude Include="Objects\Stage.h">
      <Filter>Objects</Filter>
    </ClInclude>
    <ClInclude Include="Scenes\ClearScene.h">
      <Filter>Scenes</Filter>
    </ClInclude>
    <ClInclude Include="Scenes\GameOverScene.h">
      <Filter>Scenes</Filter>
    </ClInclude>
    <ClInclude Include="Scenes\PlayScene.h">
      <Filter>Scenes</Filter>
    </ClInclude>
    <ClInclude Include="Scenes\TitleScene.h">
      <Filter>Scenes</Filter>
    </ClInclude>
    <ClInclude Include="UI\CountdownNumber.h">
      <Filter>UI</Filter>
    </ClInclude>
    <ClInclude Include="UI\MiniMap.h">
      <Filter>UI</Filter>
    </ClInclude>
    <ClInclude Include="UI\StartCountdownManager.h">
      <Filter>UI</Filter>
    </ClInclude>
    <ClInclude Include="UI\StartDisplay.h">
      <Filter>UI</Filter>
    </ClInclude>
    <ClInclude Include="Functions\CameraOrbit.h">
      <Filter>Functions</Filter>
    </ClInclude>
    <ClInclude Include="Functions\CDTimer.h">
      <Filter>Functions</Filter>
    </ClInclude>
    <ClInclude Include="Functions\CountdownBase.h">
      <Filter>Functions</Filter>
    </ClInclude>
    <ClInclude Include="Functions\Effect.h">
      <Filter>Functions</Filter>
    </ClInclude>
    <ClInclude Include="Objects\Wall.h">
      <Filter>Objects</Filter>
    </ClInclude>
    <ClInclude Include="Scenes\ExplanationScene.h">
      <Filter>Scenes</Filter>
    </ClInclude>
  </ItemGroup>
  <ItemGroup>
    <FxCompile Include="Assets\Shader\Simple2D.hlsl">
      <Filter>02Shader</Filter>
    </FxCompile>
    <FxCompile Include="Assets\Shader\Simple3D.hlsl">
      <Filter>02Shader</Filter>
    </FxCompile>
    <FxCompile Include="Assets\Shader\Debug3D.hlsl">
      <Filter>02Shader</Filter>
    </FxCompile>
    <FxCompile Include="Assets\Shader\BillBoard.hlsl">
      <Filter>02Shader</Filter>
    </FxCompile>
  </ItemGroup>
</Project>